{
  "version": 4,
  "terraform_version": "1.14.8",
  "serial": 14,
  "lineage": "4119dd3b-dd53-cf15-a301-ac9a984c435c",
  "outputs": {
    "vm_ips": {
      "value": {
        "ansible": "192.168.100.20",
        "nextcloud": "192.168.100.13",
        "nginx": "192.168.100.12",
        "vaultwarden": "192.168.100.14",
        "wireguard": "192.168.100.11"
      },
      "type": [
        "object",
        {
          "ansible": "string",
          "nextcloud": "string",
          "nginx": "string",
          "vaultwarden": "string",
          "wireguard": "string"
        }
      ]
    }
  },
  "resources": [
    {
      "module": "module.ansible",
      "mode": "managed",
      "type": "proxmox_virtual_environment_vm",
      "name": "vm",
      "provider": "provider[\"registry.terraform.io/bpg/proxmox\"]",
      "instances": [
        {
          "schema_version": 0,
          "attributes": {
            "acpi": true,
            "agent": [],
            "amd_sev": [],
            "audio_device": [],
            "bios": "ovmf",
            "boot_order": [
              "virtio0",
              "ide2",
              "net0"
            ],
            "cdrom": [],
            "clone": [],
            "cpu": [
              {
                "affinity": "",
                "architecture": "",
                "cores": 2,
                "flags": [],
                "hotplugged": 0,
                "limit": 0,
                "numa": false,
                "sockets": 1,
                "type": "x86-64-v2-AES",
                "units": 0
              }
            ],
            "delete_unreferenced_disks_on_destroy": true,
            "description": "",
            "disk": [
              {
                "aio": "io_uring",
                "backup": true,
                "cache": "writeback",
                "datastore_id": "local-lvm",
                "discard": "ignore",
                "file_format": "raw",
                "file_id": "",
                "import_from": "",
                "interface": "virtio0",
                "iothread": true,
                "path_in_datastore": "vm-120-disk-1",
                "replicate": true,
                "serial": "",
                "size": 20,
                "speed": [],
                "ssd": false
              }
            ],
            "efi_disk": [
              {
                "datastore_id": "local-lvm",
                "file_format": "raw",
                "pre_enrolled_keys": true,
                "type": "4m"
              }
            ],
            "hook_script_file_id": null,
            "hostpci": [],
            "hotplug": null,
            "id": "120",
            "initialization": [],
            "ipv4_addresses": [],
            "ipv6_addresses": [],
            "keyboard_layout": "",
            "kvm_arguments": "",
            "mac_addresses": [
              "BC:24:11:54:2B:04"
            ],
            "machine": "q35",
            "memory": [
              {
                "dedicated": 4096,
                "floating": 0,
                "hugepages": "",
                "keep_hugepages": false,
                "shared": 0
              }
            ],
            "migrate": false,
            "name": "ansible-control",
            "network_device": [
              {
                "bridge": "vmbr1",
                "disconnected": false,
                "enabled": true,
                "firewall": false,
                "mac_address": "BC:24:11:54:2B:04",
                "model": "virtio",
                "mtu": 0,
                "queues": 0,
                "rate_limit": 0,
                "trunks": "",
                "vlan_id": 0
              }
            ],
            "network_interface_names": [],
            "node_name": "pve",
            "numa": [],
            "on_boot": true,
            "operating_system": [
              {
                "type": "l26"
              }
            ],
            "pool_id": "",
            "protection": false,
            "purge_on_destroy": true,
            "reboot": false,
            "reboot_after_update": true,
            "rng": [],
            "scsi_hardware": "virtio-scsi-single",
            "serial_device": [],
            "smbios": [],
            "started": true,
            "startup": [],
            "stop_on_destroy": false,
            "tablet_device": true,
            "tags": [],
            "template": false,
            "timeout_clone": 1800,
            "timeout_create": 1800,
            "timeout_migrate": 1800,
            "timeout_move_disk": 1800,
            "timeout_reboot": 1800,
            "timeout_shutdown_vm": 1800,
            "timeout_start_vm": 1800,
            "timeout_stop_vm": 300,
            "tpm_state": [],
            "usb": [],
            "vga": [],
            "virtiofs": [],
            "vm_id": 120,
            "watchdog": []
          },
          "sensitive_attributes": [],
          "identity_schema_version": 0,
          "private": "eyJzY2hlbWFfdmVyc2lvbiI6IjAifQ=="
        }
      ]
    }
  ],
  "check_results": null
}
